
Microsoft Visual Studio Solution File, Format Version 12.00
# Visual Studio 15
VisualStudioVersion = 15.0.27004.2006
MinimumVisualStudioVersion = 10.0.40219.1
Project("{FAE04EC0-301F-11D3-BF4B-00C04F79EFBC}") = "StepByStepReact", "StepByStepReact\StepByStepReact.csproj", "{2465F6FD-0EBE-4D77-8198-884A541BF12C}"
EndProject
Global
	GlobalSection(SolutionConfigurationPlatforms) = preSolution
		Debug|Any CPU = Debug|Any CPU
		Release|Any CPU = Release|Any CPU
	EndGlobalSection
	GlobalSection(ProjectConfigurationPlatforms) = postSolution
		{2465F6FD-0EBE-4D77-8198-884A541BF12C}.Debug|Any CPU.ActiveCfg = Debug|Any CPU
		{2465F6FD-0EBE-4D77-8198-884A541BF12C}.Debug|Any CPU.Build.0 = Debug|Any CPU
		{2465F6FD-0EBE-4D77-8198-884A541BF12C}.Release|Any CPU.ActiveCfg = Release|Any CPU
		{2465F6FD-0EBE-4D77-8198-884A541BF12C}.Release|Any CPU.Build.0 = Release|Any CPU
	EndGlobalSection
	GlobalSection(SolutionProperties) = preSolution
		HideSolutionNode = FALSE
	EndGlobalSection
	GlobalSection(ExtensibilityGlobals) = postSolution
		SolutionGuid = {75CFC2DB-FEDF-4A9D-90AE-C866F563543D}
	EndGlobalSection
EndGlobal
